// !$*UTF8*$!
{
	archiveVersion = 1;
	classes = {
	};
	objectVersion = 50;
	objects = {

/* Begin PBXBuildFile section */
		235CA403254ED5CC001113DD /* AppDelegate.swift in Sources */ = {isa = PBXBuildFile; fileRef = 235CA402254ED5CC001113DD /* AppDelegate.swift */; };
		235CA405254ED5CC001113DD /* SceneDelegate.swift in Sources */ = {isa = PBXBuildFile; fileRef = 235CA404254ED5CC001113DD /* SceneDelegate.swift */; };
		235CA407254ED5CC001113DD /* ViewController.swift in Sources */ = {isa = PBXBuildFile; fileRef = 235CA406254ED5CC001113DD /* ViewController.swift */; };
		235CA40A254ED5CC001113DD /* Main.storyboard in Resources */ = {isa = PBXBuildFile; fileRef = 235CA408254ED5CC001113DD /* Main.storyboard */; };
		235CA40C254ED5CF001113DD /* Assets.xcassets in Resources */ = {isa = PBXBuildFile; fileRef = 235CA40B254ED5CF001113DD /* Assets.xcassets */; };
		235CA40F254ED5CF001113DD /* LaunchScreen.storyboard in Resources */ = {isa = PBXBuildFile; fileRef = 235CA40D254ED5CF001113DD /* LaunchScreen.storyboard */; };
		235CA41A254ED5D0001113DD /* NewCOCOLOTalk1Tests.swift in Sources */ = {isa = PBXBuildFile; fileRef = 235CA419254ED5D0001113DD /* NewCOCOLOTalk1Tests.swift */; };
		235CA425254ED5D0001113DD /* NewCOCOLOTalk1UITests.swift in Sources */ = {isa = PBXBuildFile; fileRef = 235CA424254ED5D0001113DD /* NewCOCOLOTalk1UITests.swift */; };
/* End PBXBuildFile section */

/* Begin PBXContainerItemProxy section */
		235CA416254ED5D0001113DD /* PBXContainerItemProxy */ = {
			isa = PBXContainerItemProxy;
			containerPortal = 235CA3F7254ED5CC001113DD /* Project object */;
			proxyType = 1;
			remoteGlobalIDString = 235CA3FE254ED5CC001113DD;
			remoteInfo = NewCOCOLOTalk1;
		};
		235CA421254ED5D0001113DD /* PBXContainerItemProxy */ = {
			isa = PBXContainerItemProxy;
			containerPortal = 235CA3F7254ED5CC001113DD /* Project object */;
			proxyType = 1;
			remoteGlobalIDString = 235CA3FE254ED5CC001113DD;
			remoteInfo = NewCOCOLOTalk1;
		};
/* End PBXContainerItemProxy section */

/* Begin PBXFileReference section */
		235CA3FF254ED5CC001113DD /* NewCOCOLOTalk1.app */ = {isa = PBXFileReference; explicitFileType = wrapper.application; includeInIndex = 0; path = NewCOCOLOTalk1.app; sourceTree = BUILT_PRODUCTS_DIR; };
		235CA402254ED5CC001113DD /* AppDelegate.swift */ = {isa = PBXFileReference; lastKnownFileType = sourcecode.swift; path = AppDelegate.swift; sourceTree = "<group>"; };
		235CA404254ED5CC001113DD /* SceneDelegate.swift */ = {isa = PBXFileReference; lastKnownFileType = sourcecode.swift; path = SceneDelegate.swift; sourceTree = "<group>"; };
		235CA406254ED5CC001113DD /* ViewController.swift */ = {isa = PBXFileReference; lastKnownFileType = sourcecode.swift; path = ViewController.swift; sourceTree = "<group>"; };
		235CA409254ED5CC001113DD /* Base */ = {isa = PBXFileReference; lastKnownFileType = file.storyboard; name = Base; path = Base.lproj/Main.storyboard; sourceTree = "<group>"; };
		235CA40B254ED5CF001113DD /* Assets.xcassets */ = {isa = PBXFileReference; lastKnownFileType = folder.assetcatalog; path = Assets.xcassets; sourceTree = "<group>"; };
		235CA40E254ED5CF001113DD /* Base */ = {isa = PBXFileReference; lastKnownFileType = file.storyboard; name = Base; path = Base.lproj/LaunchScreen.storyboard; sourceTree = "<group>"; };
		235CA410254ED5CF001113DD /* Info.plist */ = {isa = PBXFileReference; lastKnownFileType = text.plist.xml; path = Info.plist; sourceTree = "<group>"; };
		235CA415254ED5D0001113DD /* NewCOCOLOTalk1Tests.xctest */ = {isa = PBXFileReference; explicitFileType = wrapper.cfbundle; includeInIndex = 0; path = NewCOCOLOTalk1Tests.xctest; sourceTree = BUILT_PRODUCTS_DIR; };
		235CA419254ED5D0001113DD /* NewCOCOLOTalk1Tests.swift */ = {isa = PBXFileReference; lastKnownFileType = sourcecode.swift; path = NewCOCOLOTalk1Tests.swift; sourceTree = "<group>"; };
		235CA41B254ED5D0001113DD /* Info.plist */ = {isa = PBXFileReference; lastKnownFileType = text.plist.xml; path = Info.plist; sourceTree = "<group>"; };
		235CA420254ED5D0001113DD /* NewCOCOLOTalk1UITests.xctest */ = {isa = PBXFileReference; explicitFileType = wrapper.cfbundle; includeInIndex = 0; path = NewCOCOLOTalk1UITests.xctest; sourceTree = BUILT_PRODUCTS_DIR; };
		235CA424254ED5D0001113DD /* NewCOCOLOTalk1UITests.swift */ = {isa = PBXFileReference; lastKnownFileType = sourcecode.swift; path = NewCOCOLOTalk1UITests.swift; sourceTree = "<group>"; };
		235CA426254ED5D0001113DD /* Info.plist */ = {isa = PBXFileReference; lastKnownFileType = text.plist.xml; path = Info.plist; sourceTree = "<group>"; };
/* End PBXFileReference section */

/* Begin PBXFrameworksBuildPhase section */
		235CA3FC254ED5CC001113DD /* Frameworks */ = {
			isa = PBXFrameworksBuildPhase;
			buildActionMask = 2147483647;
			files = (
			);
			runOnlyForDeploymentPostprocessing = 0;
		};
		235CA412254ED5D0001113DD /* Frameworks */ = {
			isa = PBXFrameworksBuildPhase;
			buildActionMask = 2147483647;
			files = (
			);
			runOnlyForDeploymentPostprocessing = 0;
		};
		235CA41D254ED5D0001113DD /* Frameworks */ = {
			isa = PBXFrameworksBuildPhase;
			buildActionMask = 2147483647;
			files = (
			);
			runOnlyForDeploymentPostprocessing = 0;
		};
/* End PBXFrameworksBuildPhase section */

/* Begin PBXGroup section */
		235CA3F6254ED5CC001113DD = {
			isa = PBXGroup;
			children = (
				235CA401254ED5CC001113DD /* NewCOCOLOTalk1 */,
				235CA418254ED5D0001113DD /* NewCOCOLOTalk1Tests */,
				235CA423254ED5D0001113DD /* NewCOCOLOTalk1UITests */,
				235CA400254ED5CC001113DD /* Products */,
			);
			sourceTree = "<group>";
		};
		235CA400254ED5CC001113DD /* Products */ = {
			isa = PBXGroup;
			children = (
				235CA3FF254ED5CC001113DD /* NewCOCOLOTalk1.app */,
				235CA415254ED5D0001113DD /* NewCOCOLOTalk1Tests.xctest */,
				235CA420254ED5D0001113DD /* NewCOCOLOTalk1UITests.xctest */,
			);
			name = Products;
			sourceTree = "<group>";
		};
		235CA401254ED5CC001113DD /* NewCOCOLOTalk1 */ = {
			isa = PBXGroup;
			children = (
				235CA402254ED5CC001113DD /* AppDelegate.swift */,
				235CA404254ED5CC001113DD /* SceneDelegate.swift */,
				235CA406254ED5CC001113DD /* ViewController.swift */,
				235CA408254ED5CC001113DD /* Main.storyboard */,
				235CA40B254ED5CF001113DD /* Assets.xcassets */,
				235CA40D254ED5CF001113DD /* LaunchScreen.storyboard */,
				235CA410254ED5CF001113DD /* Info.plist */,
			);
			path = NewCOCOLOTalk1;
			sourceTree = "<group>";
		};
		235CA418254ED5D0001113DD /* NewCOCOLOTalk1Tests */ = {
			isa = PBXGroup;
			children = (
				235CA419254ED5D0001113DD /* NewCOCOLOTalk1Tests.swift */,
				235CA41B254ED5D0001113DD /* Info.plist */,
			);
			path = NewCOCOLOTalk1Tests;
			sourceTree = "<group>";
		};
		235CA423254ED5D0001113DD /* NewCOCOLOTalk1UITests */ = {
			isa = PBXGroup;
			children = (
				235CA424254ED5D0001113DD /* NewCOCOLOTalk1UITests.swift */,
				235CA426254ED5D0001113DD /* Info.plist */,
			);
			path = NewCOCOLOTalk1UITests;
			sourceTree = "<group>";
		};
/* End PBXGroup section */

/* Begin PBXNativeTarget section */
		235CA3FE254ED5CC001113DD /* NewCOCOLOTalk1 */ = {
			isa = PBXNativeTarget;
			buildConfigurationList = 235CA429254ED5D0001113DD /* Build configuration list for PBXNativeTarget "NewCOCOLOTalk1" */;
			buildPhases = (
				235CA3FB254ED5CC001113DD /* Sources */,
				235CA3FC254ED5CC001113DD /* Frameworks */,
				235CA3FD254ED5CC001113DD /* Resources */,
			);
			buildRules = (
			);
			dependencies = (
			);
			name = NewCOCOLOTalk1;
			productName = NewCOCOLOTalk1;
			productReference = 235CA3FF254ED5CC001113DD /* NewCOCOLOTalk1.app */;
			productType = "com.apple.product-type.application";
		};
		235CA414254ED5D0001113DD /* NewCOCOLOTalk1Tests */ = {
			isa = PBXNativeTarget;
			buildConfigurationList = 235CA42C254ED5D0001113DD /* Build configuration list for PBXNativeTarget "NewCOCOLOTalk1Tests" */;
			buildPhases = (
				235CA411254ED5D0001113DD /* Sources */,
				235CA412254ED5D0001113DD /* Frameworks */,
				235CA413254ED5D0001113DD /* Resources */,
			);
			buildRules = (
			);
			dependencies = (
				235CA417254ED5D0001113DD /* PBXTargetDependency */,
			);
			name = NewCOCOLOTalk1Tests;
			productName = NewCOCOLOTalk1Tests;
			productReference = 235CA415254ED5D0001113DD /* NewCOCOLOTalk1Tests.xctest */;
			productType = "com.apple.product-type.bundle.unit-test";
		};
		235CA41F254ED5D0001113DD /* NewCOCOLOTalk1UITests */ = {
			isa = PBXNativeTarget;
			buildConfigurationList = 235CA42F254ED5D0001113DD /* Build configuration list for PBXNativeTarget "NewCOCOLOTalk1UITests" */;
			buildPhases = (
				235CA41C254ED5D0001113DD /* Sources */,
				235CA41D254ED5D0001113DD /* Frameworks */,
				235CA41E254ED5D0001113DD /* Resources */,
			);
			buildRules = (
			);
			dependencies = (
				235CA422254ED5D0001113DD /* PBXTargetDependency */,
			);
			name = NewCOCOLOTalk1UITests;
			productName = NewCOCOLOTalk1UITests;
			productReference = 235CA420254ED5D0001113DD /* NewCOCOLOTalk1UITests.xctest */;
			productType = "com.apple.product-type.bundle.ui-testing";
		};
/* End PBXNativeTarget section */

/* Begin PBXProject section */
		235CA3F7254ED5CC001113DD /* Project object */ = {
			isa = PBXProject;
			attributes = {
				LastSwiftUpdateCheck = 1210;
				LastUpgradeCheck = 1210;
				TargetAttributes = {
					235CA3FE254ED5CC001113DD = {
						CreatedOnToolsVersion = 12.1;
					};
					235CA414254ED5D0001113DD = {
						CreatedOnToolsVersion = 12.1;
						TestTargetID = 235CA3FE254ED5CC001113DD;
					};
					235CA41F254ED5D0001113DD = {
						CreatedOnToolsVersion = 12.1;
						TestTargetID = 235CA3FE254ED5CC001113DD;
					};
				};
			};
			buildConfigurationList = 235CA3FA254ED5CC001113DD /* Build configuration list for PBXProject "NewCOCOLOTalk1" */;
			compatibilityVersion = "Xcode 9.3";
			developmentRegion = en;
			hasScannedForEncodings = 0;
			knownRegions = (
				en,
				Base,
			);
			mainGroup = 235CA3F6254ED5CC001113DD;
			productRefGroup = 235CA400254ED5CC001113DD /* Products */;
			projectDirPath = "";
			projectRoot = "";
			targets = (
				235CA3FE254ED5CC001113DD /* NewCOCOLOTalk1 */,
				235CA414254ED5D0001113DD /* NewCOCOLOTalk1Tests */,
				235CA41F254ED5D0001113DD /* NewCOCOLOTalk1UITests */,
			);
		};
/* End PBXProject section */

/* Begin PBXResourcesBuildPhase section */
		235CA3FD254ED5CC001113DD /* Resources */ = {
			isa = PBXResourcesBuildPhase;
			buildActionMask = 2147483647;
			files = (
				235CA40F254ED5CF001113DD /* LaunchScreen.storyboard in Resources */,
				235CA40C254ED5CF001113DD /* Assets.xcassets in Resources */,
				235CA40A254ED5CC001113DD /* Main.storyboard in Resources */,
			);
			runOnlyForDeploymentPostprocessing = 0;
		};
		235CA413254ED5D0001113DD /* Resources */ = {
			isa = PBXResourcesBuildPhase;
			buildActionMask = 2147483647;
			files = (
			);
			runOnlyForDeploymentPostprocessing = 0;
		};
		235CA41E254ED5D0001113DD /* Resources */ = {
			isa = PBXResourcesBuildPhase;
			buildActionMask = 2147483647;
			files = (
			);
			runOnlyForDeploymentPostprocessing = 0;
		};
/* End PBXResourcesBuildPhase section */

/* Begin PBXSourcesBuildPhase section */
		235CA3FB254ED5CC001113DD /* Sources */ = {
			isa = PBXSourcesBuildPhase;
			buildActionMask = 2147483647;
			files = (
				235CA407254ED5CC001113DD /* ViewController.swift in Sources */,
				235CA403254ED5CC001113DD /* AppDelegate.swift in Sources */,
				235CA405254ED5CC001113DD /* SceneDelegate.swift in Sources */,
			);
			runOnlyForDeploymentPostprocessing = 0;
		};
		235CA411254ED5D0001113DD /* Sources */ = {
			isa = PBXSourcesBuildPhase;
			buildActionMask = 2147483647;
			files = (
				235CA41A254ED5D0001113DD /* NewCOCOLOTalk1Tests.swift in Sources */,
			);
			runOnlyForDeploymentPostprocessing = 0;
		};
		235CA41C254ED5D0001113DD /* Sources */ = {
			isa = PBXSourcesBuildPhase;
			buildActionMask = 2147483647;
			files = (
				235CA425254ED5D0001113DD /* NewCOCOLOTalk1UITests.swift in Sources */,
			);
			runOnlyForDeploymentPostprocessing = 0;
		};
/* End PBXSourcesBuildPhase section */

/* Begin PBXTargetDependency section */
		235CA417254ED5D0001113DD /* PBXTargetDependency */ = {
			isa = PBXTargetDependency;
			target = 235CA3FE254ED5CC001113DD /* NewCOCOLOTalk1 */;
			targetProxy = 235CA416254ED5D0001113DD /* PBXContainerItemProxy */;
		};
		235CA422254ED5D0001113DD /* PBXTargetDependency */ = {
			isa = PBXTargetDependency;
			target = 235CA3FE254ED5CC001113DD /* NewCOCOLOTalk1 */;
			targetProxy = 235CA421254ED5D0001113DD /* PBXContainerItemProxy */;
		};
/* End PBXTargetDependency section */

/* Begin PBXVariantGroup section */
		235CA408254ED5CC001113DD /* Main.storyboard */ = {
			isa = PBXVariantGroup;
			children = (
				235CA409254ED5CC001113DD /* Base */,
			);
			name = Main.storyboard;
			sourceTree = "<group>";
		};
		235CA40D254ED5CF001113DD /* LaunchScreen.storyboard */ = {
			isa = PBXVariantGroup;
			children = (
				235CA40E254ED5CF001113DD /* Base */,
			);
			name = LaunchScreen.storyboard;
			sourceTree = "<group>";
		};
/* End PBXVariantGroup section */

/* Begin XCBuildConfiguration section */
		235CA427254ED5D0001113DD /* Debug */ = {
			isa = XCBuildConfiguration;
			buildSettings = {
				ALWAYS_SEARCH_USER_PATHS = NO;
				CLANG_ANALYZER_NONNULL = YES;
				CLANG_ANALYZER_NUMBER_OBJECT_CONVERSION = YES_AGGRESSIVE;
				CLANG_CXX_LANGUAGE_STANDARD = "gnu++14";
				CLANG_CXX_LIBRARY = "libc++";
				CLANG_ENABLE_MODULES = YES;
				CLANG_ENABLE_OBJC_ARC = YES;
				CLANG_ENABLE_OBJC_WEAK = YES;
				CLANG_WARN_BLOCK_CAPTURE_AUTORELEASING = YES;
				CLANG_WARN_BOOL_CONVERSION = YES;
				CLANG_WARN_COMMA = YES;
				CLANG_WARN_CONSTANT_CONVERSION = YES;
				CLANG_WARN_DEPRECATED_OBJC_IMPLEMENTATIONS = YES;
				CLANG_WARN_DIRECT_OBJC_ISA_USAGE = YES_ERROR;
				CLANG_WARN_DOCUMENTATION_COMMENTS = YES;
				CLANG_WARN_EMPTY_BODY = YES;
				CLANG_WARN_ENUM_CONVERSION = YES;
				CLANG_WARN_INFINITE_RECURSION = YES;
				CLANG_WARN_INT_CONVERSION = YES;
				CLANG_WARN_NON_LITERAL_NULL_CONVERSION = YES;
				CLANG_WARN_OBJC_IMPLICIT_RETAIN_SELF = YES;
				CLANG_WARN_OBJC_LITERAL_CONVERSION = YES;
				CLANG_WARN_OBJC_ROOT_CLASS = YES_ERROR;
				CLANG_WARN_QUOTED_INCLUDE_IN_FRAMEWORK_HEADER = YES;
				CLANG_WARN_RANGE_LOOP_ANALYSIS = YES;
				CLANG_WARN_STRICT_PROTOTYPES = YES;
				CLANG_WARN_SUSPICIOUS_MOVE = YES;
				CLANG_WARN_UNGUARDED_AVAILABILITY = YES_AGGRESSIVE;
				CLANG_WARN_UNREACHABLE_CODE = YES;
				CLANG_WARN__DUPLICATE_METHOD_MATCH = YES;
				COPY_PHASE_STRIP = NO;
				DEBUG_INFORMATION_FORMAT = dwarf;
				ENABLE_STRICT_OBJC_MSGSEND = YES;
				ENABLE_TESTABILITY = YES;
				GCC_C_LANGUAGE_STANDARD = gnu11;
				GCC_DYNAMIC_NO_PIC = NO;
				GCC_NO_COMMON_BLOCKS = YES;
				GCC_OPTIMIZATION_LEVEL = 0;
				GCC_PREPROCESSOR_DEFINITIONS = (
					"DEBUG=1",
					"$(inherited)",
				);
				GCC_WARN_64_TO_32_BIT_CONVERSION = YES;
				GCC_WARN_ABOUT_RETURN_TYPE = YES_ERROR;
				GCC_WARN_UNDECLARED_SELECTOR = YES;
				GCC_WARN_UNINITIALIZED_AUTOS = YES_AGGRESSIVE;
				GCC_WARN_UNUSED_FUNCTION = YES;
				GCC_WARN_UNUSED_VARIABLE = YES;
				IPHONEOS_DEPLOYMENT_TARGET = 14.1;
				MTL_ENABLE_DEBUG_INFO = INCLUDE_SOURCE;
				MTL_FAST_MATH = YES;
				ONLY_ACTIVE_ARCH = YES;
				SDKROOT = iphoneos;
				SWIFT_ACTIVE_COMPILATION_CONDITIONS = DEBUG;
				SWIFT_OPTIMIZATION_LEVEL = "-Onone";
			};
			name = Debug;
		};
		235CA428254ED5D0001113DD /* Release */ = {
			isa = XCBuildConfiguration;
			buildSettings = {
				ALWAYS_SEARCH_USER_PATHS = NO;
				CLANG_ANALYZER_NONNULL = YES;
				CLANG_ANALYZER_NUMBER_OBJECT_CONVERSION = YES_AGGRESSIVE;
				CLANG_CXX_LANGUAGE_STANDARD = "gnu++14";
				CLANG_CXX_LIBRARY = "libc++";
				CLANG_ENABLE_MODULES = YES;
				CLANG_ENABLE_OBJC_ARC = YES;
				CLANG_ENABLE_OBJC_WEAK = YES;
				CLANG_WARN_BLOCK_CAPTURE_AUTORELEASING = YES;
				CLANG_WARN_BOOL_CONVERSION = YES;
				CLANG_WARN_COMMA = YES;
				CLANG_WARN_CONSTANT_CONVERSION = YES;
				CLANG_WARN_DEPRECATED_OBJC_IMPLEMENTATIONS = YES;
				CLANG_WARN_DIRECT_OBJC_ISA_USAGE = YES_ERROR;
				CLANG_WARN_DOCUMENTATION_COMMENTS = YES;
				CLANG_WARN_EMPTY_BODY = YES;
				CLANG_WARN_ENUM_CONVERSION = YES;
				CLANG_WARN_INFINITE_RECURSION = YES;
				CLANG_WARN_INT_CONVERSION = YES;
				CLANG_WARN_NON_LITERAL_NULL_CONVERSION = YES;
				CLANG_WARN_OBJC_IMPLICIT_RETAIN_SELF = YES;
				CLANG_WARN_OBJC_LITERAL_CONVERSION = YES;
				CLANG_WARN_OBJC_ROOT_CLASS = YES_ERROR;
				CLANG_WARN_QUOTED_INCLUDE_IN_FRAMEWORK_HEADER = YES;
				CLANG_WARN_RANGE_LOOP_ANALYSIS = YES;
				CLANG_WARN_STRICT_PROTOTYPES = YES;
				CLANG_WARN_SUSPICIOUS_MOVE = YES;
				CLANG_WARN_UNGUARDED_AVAILABILITY = YES_AGGRESSIVE;
				CLANG_WARN_UNREACHABLE_CODE = YES;
				CLANG_WARN__DUPLICATE_METHOD_MATCH = YES;
				COPY_PHASE_STRIP = NO;
				DEBUG_INFORMATION_FORMAT = "dwarf-with-dsym";
				ENABLE_NS_ASSERTIONS = NO;
				ENABLE_STRICT_OBJC_MSGSEND = YES;
				GCC_C_LANGUAGE_STANDARD = gnu11;
				GCC_NO_COMMON_BLOCKS = YES;
				GCC_WARN_64_TO_32_BIT_CONVERSION = YES;
				GCC_WARN_ABOUT_RETURN_TYPE = YES_ERROR;
				GCC_WARN_UNDECLARED_SELECTOR = YES;
				GCC_WARN_UNINITIALIZED_AUTOS = YES_AGGRESSIVE;
				GCC_WARN_UNUSED_FUNCTION = YES;
				GCC_WARN_UNUSED_VARIABLE = YES;
				IPHONEOS_DEPLOYMENT_TARGET = 14.1;
				MTL_ENABLE_DEBUG_INFO = NO;
				MTL_FAST_MATH = YES;
				SDKROOT = iphoneos;
				SWIFT_COMPILATION_MODE = wholemodule;
				SWIFT_OPTIMIZATION_LEVEL = "-O";
				VALIDATE_PRODUCT = YES;
			};
			name = Release;
		};
		235CA42A254ED5D0001113DD /* Debug */ = {
			isa = XCBuildConfiguration;
			buildSettings = {
				ASSETCATALOG_COMPILER_APPICON_NAME = AppIcon;
				ASSETCATALOG_COMPILER_GLOBAL_ACCENT_COLOR_NAME = AccentColor;
				CODE_SIGN_STYLE = Automatic;
				DEVELOPMENT_TEAM = 987P4YFJ2D;
				INFOPLIST_FILE = NewCOCOLOTalk1/Info.plist;
				LD_RUNPATH_SEARCH_PATHS = (
					"$(inherited)",
					"@executable_path/Frameworks",
				);
				PRODUCT_BUNDLE_IDENTIFIER = com.keita.NewCOCOLOTalk1;
				PRODUCT_NAME = "$(TARGET_NAME)";
				SWIFT_VERSION = 5.0;
				TARGETED_DEVICE_FAMILY = "1,2";
			};
			name = Debug;
		};
		235CA42B254ED5D0001113DD /* Release */ = {
			isa = XCBuildConfiguration;
			buildSettings = {
				ASSETCATALOG_COMPILER_APPICON_NAME = AppIcon;
				ASSETCATALOG_COMPILER_GLOBAL_ACCENT_COLOR_NAME = AccentColor;
				CODE_SIGN_STYLE = Automatic;
				DEVELOPMENT_TEAM = 987P4YFJ2D;
				INFOPLIST_FILE = NewCOCOLOTalk1/Info.plist;
				LD_RUNPATH_SEARCH_PATHS = (
					"$(inherited)",
					"@executable_path/Frameworks",
				);
				PRODUCT_BUNDLE_IDENTIFIER = com.keita.NewCOCOLOTalk1;
				PRODUCT_NAME = "$(TARGET_NAME)";
				SWIFT_VERSION = 5.0;
				TARGETED_DEVICE_FAMILY = "1,2";
			};
			name = Release;
		};
		235CA42D254ED5D0001113DD /* Debug */ = {
			isa = XCBuildConfiguration;
			buildSettings = {
				ALWAYS_EMBED_SWIFT_STANDARD_LIBRARIES = YES;
				BUNDLE_LOADER = "$(TEST_HOST)";
				CODE_SIGN_STYLE = Automatic;
				DEVELOPMENT_TEAM = 987P4YFJ2D;
				INFOPLIST_FILE = NewCOCOLOTalk1Tests/Info.plist;
				IPHONEOS_DEPLOYMENT_TARGET = 14.1;
				LD_RUNPATH_SEARCH_PATHS = (
					"$(inherited)",
					"@executable_path/Frameworks",
					"@loader_path/Frameworks",
				);
				PRODUCT_BUNDLE_IDENTIFIER = com.keita.NewCOCOLOTalk1Tests;
				PRODUCT_NAME = "$(TARGET_NAME)";
				SWIFT_VERSION = 5.0;
				TARGETED_DEVICE_FAMILY = "1,2";
				TEST_HOST = "$(BUILT_PRODUCTS_DIR)/NewCOCOLOTalk1.app/NewCOCOLOTalk1";
			};
			name = Debug;
		};
		235CA42E254ED5D0001113DD /* Release */ = {
			isa = XCBuildConfiguration;
			buildSettings = {
				ALWAYS_EMBED_SWIFT_STANDARD_LIBRARIES = YES;
				BUNDLE_LOADER = "$(TEST_HOST)";
				CODE_SIGN_STYLE = Automatic;
				DEVELOPMENT_TEAM = 987P4YFJ2D;
				INFOPLIST_FILE = NewCOCOLOTalk1Tests/Info.plist;
				IPHONEOS_DEPLOYMENT_TARGET = 14.1;
				LD_RUNPATH_SEARCH_PATHS = (
					"$(inherited)",
					"@executable_path/Frameworks",
					"@loader_path/Frameworks",
				);
				PRODUCT_BUNDLE_IDENTIFIER = com.keita.NewCOCOLOTalk1Tests;
				PRODUCT_NAME = "$(TARGET_NAME)";
				SWIFT_VERSION = 5.0;
				TARGETED_DEVICE_FAMILY = "1,2";
				TEST_HOST = "$(BUILT_PRODUCTS_DIR)/NewCOCOLOTalk1.app/NewCOCOLOTalk1";
			};
			name = Release;
		};
		235CA430254ED5D0001113DD /* Debug */ = {
			isa = XCBuildConfiguration;
			buildSettings = {
				ALWAYS_EMBED_SWIFT_STANDARD_LIBRARIES = YES;
				CODE_SIGN_STYLE = Automatic;
				DEVELOPMENT_TEAM = 987P4YFJ2D;
				INFOPLIST_FILE = NewCOCOLOTalk1UITests/Info.plist;
				LD_RUNPATH_SEARCH_PATHS = (
					"$(inherited)",
					"@executable_path/Frameworks",
					"@loader_path/Frameworks",
				);
				PRODUCT_BUNDLE_IDENTIFIER = com.keita.NewCOCOLOTalk1UITests;
				PRODUCT_NAME = "$(TARGET_NAME)";
				SWIFT_VERSION = 5.0;
				TARGETED_DEVICE_FAMILY = "1,2";
				TEST_TARGET_NAME = NewCOCOLOTalk1;
			};
			name = Debug;
		};
		235CA431254ED5D0001113DD /* Release */ = {
			isa = XCBuildConfiguration;
			buildSettings = {
				ALWAYS_EMBED_SWIFT_STANDARD_LIBRARIES = YES;
				CODE_SIGN_STYLE = Automatic;
				DEVELOPMENT_TEAM = 987P4YFJ2D;
				INFOPLIST_FILE = NewCOCOLOTalk1UITests/Info.plist;
				LD_RUNPATH_SEARCH_PATHS = (
					"$(inherited)",
					"@executable_path/Frameworks",
					"@loader_path/Frameworks",
				);
				PRODUCT_BUNDLE_IDENTIFIER = com.keita.NewCOCOLOTalk1UITests;
				PRODUCT_NAME = "$(TARGET_NAME)";
				SWIFT_VERSION = 5.0;
				TARGETED_DEVICE_FAMILY = "1,2";
				TEST_TARGET_NAME = NewCOCOLOTalk1;
			};
			name = Release;
		};
/* End XCBuildConfiguration section */

/* Begin XCConfigurationList section */
		235CA3FA254ED5CC001113DD /* Build configuration list for PBXProject "NewCOCOLOTalk1" */ = {
			isa = XCConfigurationList;
			buildConfigurations = (
				235CA427254ED5D0001113DD /* Debug */,
				235CA428254ED5D0001113DD /* Release */,
			);
			defaultConfigurationIsVisible = 0;
			defaultConfigurationName = Release;
		};
		235CA429254ED5D0001113DD /* Build configuration list for PBXNativeTarget "NewCOCOLOTalk1" */ = {
			isa = XCConfigurationList;
			buildConfigurations = (
				235CA42A254ED5D0001113DD /* Debug */,
				235CA42B254ED5D0001113DD /* Release */,
			);
			defaultConfigurationIsVisible = 0;
			defaultConfigurationName = Release;
		};
		235CA42C254ED5D0001113DD /* Build configuration list for PBXNativeTarget "NewCOCOLOTalk1Tests" */ = {
			isa = XCConfigurationList;
			buildConfigurations = (
				235CA42D254ED5D0001113DD /* Debug */,
				235CA42E254ED5D0001113DD /* Release */,
			);
			defaultConfigurationIsVisible = 0;
			defaultConfigurationName = Release;
		};
		235CA42F254ED5D0001113DD /* Build configuration list for PBXNativeTarget "NewCOCOLOTalk1UITests" */ = {
			isa = XCConfigurationList;
			buildConfigurations = (
				235CA430254ED5D0001113DD /* Debug */,
				235CA431254ED5D0001113DD /* Release */,
			);
			defaultConfigurationIsVisible = 0;
			defaultConfigurationName = Release;
		};
/* End XCConfigurationList section */
	};
	rootObject = 235CA3F7254ED5CC001113DD /* Project object */;
}
